
Microsoft Visual Studio Solution File, Format Version 12.00
# Visual Studio Version 16
VisualStudioVersion = 16.0.29215.179
MinimumVisualStudioVersion = 10.0.40219.1
Project("{FAE04EC0-301F-11D3-BF4B-00C04F79EFBC}") = "Level Editor", "Level Editor\Level Editor.csproj", "{868881C7-F43E-428B-AB7F-05331FCA266B}"
EndProject
Global
	GlobalSection(SolutionConfigurationPlatforms) = preSolution
		Debug|Any CPU = Debug|Any CPU
		Release|Any CPU = Release|Any CPU
	EndGlobalSection
	GlobalSection(ProjectConfigurationPlatforms) = postSolution
		{868881C7-F43E-428B-AB7F-05331FCA266B}.Debug|Any CPU.ActiveCfg = Debug|Any CPU
		{868881C7-F43E-428B-AB7F-05331FCA266B}.Debug|Any CPU.Build.0 = Debug|Any CPU
		{868881C7-F43E-428B-AB7F-05331FCA266B}.Release|Any CPU.ActiveCfg = Release|Any CPU
		{868881C7-F43E-428B-AB7F-05331FCA266B}.Release|Any CPU.Build.0 = Release|Any CPU
	EndGlobalSection
	GlobalSection(SolutionProperties) = preSolution
		HideSolutionNode = FALSE
	EndGlobalSection
	GlobalSection(ExtensibilityGlobals) = postSolution
		SolutionGuid = {A4FBE972-8C00-410B-8B7F-415A6E6F48BE}
	EndGlobalSection
EndGlobal
